{
  "meteor": {},
  "dependencies": {
    "basePackages": {
      "device-detection": {}
    },
    "packages": {
      "device-detection": {
        "git": "https://github.com/Mystor/meteor-device-detection.git",
        "tag": "v0.1.4",
        "commit": "9c8db3c2f7d7bd59b361697ab63f006c05aaf089"
      }
    }
  }
}
